// !$*UTF8*$!
{
	archiveVersion = 1;
	classes = {
	};
	objectVersion = 46;
	objects = {

/* Begin PBXBuildFile section */
		7E2E341A1BD27BA400581D04 /* AppDelegate.swift in Sources */ = {isa = PBXBuildFile; fileRef = 7E2E34191BD27BA400581D04 /* AppDelegate.swift */; };
		7E2E341C1BD27BA400581D04 /* ViewController.swift in Sources */ = {isa = PBXBuildFile; fileRef = 7E2E341B1BD27BA400581D04 /* ViewController.swift */; };
		7E2E341F1BD27BA400581D04 /* Main.storyboard in Resources */ = {isa = PBXBuildFile; fileRef = 7E2E341D1BD27BA400581D04 /* Main.storyboard */; };
		7E2E34221BD27BA400581D04 /* LastDayCoreData.xcdatamodeld in Sources */ = {isa = PBXBuildFile; fileRef = 7E2E34201BD27BA400581D04 /* LastDayCoreData.xcdatamodeld */; };
		7E2E34241BD27BA500581D04 /* Assets.xcassets in Resources */ = {isa = PBXBuildFile; fileRef = 7E2E34231BD27BA500581D04 /* Assets.xcassets */; };
		7E2E34271BD27BA500581D04 /* LaunchScreen.storyboard in Resources */ = {isa = PBXBuildFile; fileRef = 7E2E34251BD27BA500581D04 /* LaunchScreen.storyboard */; };
		7E2E34321BD27BA500581D04 /* LastDayCoreDataTests.swift in Sources */ = {isa = PBXBuildFile; fileRef = 7E2E34311BD27BA500581D04 /* LastDayCoreDataTests.swift */; };
		7E2E343D1BD27BA500581D04 /* LastDayCoreDataUITests.swift in Sources */ = {isa = PBXBuildFile; fileRef = 7E2E343C1BD27BA500581D04 /* LastDayCoreDataUITests.swift */; };
/* End PBXBuildFile section */

/* Begin PBXContainerItemProxy section */
		7E2E342E1BD27BA500581D04 /* PBXContainerItemProxy */ = {
			isa = PBXContainerItemProxy;
			containerPortal = 7E2E340E1BD27BA400581D04 /* Project object */;
			proxyType = 1;
			remoteGlobalIDString = 7E2E34151BD27BA400581D04;
			remoteInfo = LastDayCoreData;
		};
		7E2E34391BD27BA500581D04 /* PBXContainerItemProxy */ = {
			isa = PBXContainerItemProxy;
			containerPortal = 7E2E340E1BD27BA400581D04 /* Project object */;
			proxyType = 1;
			remoteGlobalIDString = 7E2E34151BD27BA400581D04;
			remoteInfo = LastDayCoreData;
		};
/* End PBXContainerItemProxy section */

/* Begin PBXFileReference section */
		7E2E34161BD27BA400581D04 /* LastDayCoreData.app */ = {isa = PBXFileReference; explicitFileType = wrapper.application; includeInIndex = 0; path = LastDayCoreData.app; sourceTree = BUILT_PRODUCTS_DIR; };
		7E2E34191BD27BA400581D04 /* AppDelegate.swift */ = {isa = PBXFileReference; lastKnownFileType = sourcecode.swift; path = AppDelegate.swift; sourceTree = "<group>"; };
		7E2E341B1BD27BA400581D04 /* ViewController.swift */ = {isa = PBXFileReference; lastKnownFileType = sourcecode.swift; path = ViewController.swift; sourceTree = "<group>"; };
		7E2E341E1BD27BA400581D04 /* Base */ = {isa = PBXFileReference; lastKnownFileType = file.storyboard; name = Base; path = Base.lproj/Main.storyboard; sourceTree = "<group>"; };
		7E2E34211BD27BA400581D04 /* LastDayCoreData.xcdatamodel */ = {isa = PBXFileReference; lastKnownFileType = wrapper.xcdatamodel; path = LastDayCoreData.xcdatamodel; sourceTree = "<group>"; };
		7E2E34231BD27BA500581D04 /* Assets.xcassets */ = {isa = PBXFileReference; lastKnownFileType = folder.assetcatalog; path = Assets.xcassets; sourceTree = "<group>"; };
		7E2E34261BD27BA500581D04 /* Base */ = {isa = PBXFileReference; lastKnownFileType = file.storyboard; name = Base; path = Base.lproj/LaunchScreen.storyboard; sourceTree = "<group>"; };
		7E2E34281BD27BA500581D04 /* Info.plist */ = {isa = PBXFileReference; lastKnownFileType = text.plist.xml; path = Info.plist; sourceTree = "<group>"; };
		7E2E342D1BD27BA500581D04 /* LastDayCoreDataTests.xctest */ = {isa = PBXFileReference; explicitFileType = wrapper.cfbundle; includeInIndex = 0; path = LastDayCoreDataTests.xctest; sourceTree = BUILT_PRODUCTS_DIR; };
		7E2E34311BD27BA500581D04 /* LastDayCoreDataTests.swift */ = {isa = PBXFileReference; lastKnownFileType = sourcecode.swift; path = LastDayCoreDataTests.swift; sourceTree = "<group>"; };
		7E2E34331BD27BA500581D04 /* Info.plist */ = {isa = PBXFileReference; lastKnownFileType = text.plist.xml; path = Info.plist; sourceTree = "<group>"; };
		7E2E34381BD27BA500581D04 /* LastDayCoreDataUITests.xctest */ = {isa = PBXFileReference; explicitFileType = wrapper.cfbundle; includeInIndex = 0; path = LastDayCoreDataUITests.xctest; sourceTree = BUILT_PRODUCTS_DIR; };
		7E2E343C1BD27BA500581D04 /* LastDayCoreDataUITests.swift */ = {isa = PBXFileReference; lastKnownFileType = sourcecode.swift; path = LastDayCoreDataUITests.swift; sourceTree = "<group>"; };
		7E2E343E1BD27BA500581D04 /* Info.plist */ = {isa = PBXFileReference; lastKnownFileType = text.plist.xml; path = Info.plist; sourceTree = "<group>"; };
/* End PBXFileReference section */

/* Begin PBXFrameworksBuildPhase section */
		7E2E34131BD27BA400581D04 /* Frameworks */ = {
			isa = PBXFrameworksBuildPhase;
			buildActionMask = 2147483647;
			files = (
			);
			runOnlyForDeploymentPostprocessing = 0;
		};
		7E2E342A1BD27BA500581D04 /* Frameworks */ = {
			isa = PBXFrameworksBuildPhase;
			buildActionMask = 2147483647;
			files = (
			);
			runOnlyForDeploymentPostprocessing = 0;
		};
		7E2E34351BD27BA500581D04 /* Frameworks */ = {
			isa = PBXFrameworksBuildPhase;
			buildActionMask = 2147483647;
			files = (
			);
			runOnlyForDeploymentPostprocessing = 0;
		};
/* End PBXFrameworksBuildPhase section */

/* Begin PBXGroup section */
		7E2E340D1BD27BA400581D04 = {
			isa = PBXGroup;
			children = (
				7E2E34181BD27BA400581D04 /* LastDayCoreData */,
				7E2E34301BD27BA500581D04 /* LastDayCoreDataTests */,
				7E2E343B1BD27BA500581D04 /* LastDayCoreDataUITests */,
				7E2E34171BD27BA400581D04 /* Products */,
			);
			sourceTree = "<group>";
		};
		7E2E34171BD27BA400581D04 /* Products */ = {
			isa = PBXGroup;
			children = (
				7E2E34161BD27BA400581D04 /* LastDayCoreData.app */,
				7E2E342D1BD27BA500581D04 /* LastDayCoreDataTests.xctest */,
				7E2E34381BD27BA500581D04 /* LastDayCoreDataUITests.xctest */,
			);
			name = Products;
			sourceTree = "<group>";
		};
		7E2E34181BD27BA400581D04 /* LastDayCoreData */ = {
			isa = PBXGroup;
			children = (
				7E2E34191BD27BA400581D04 /* AppDelegate.swift */,
				7E2E341B1BD27BA400581D04 /* ViewController.swift */,
				7E2E341D1BD27BA400581D04 /* Main.storyboard */,
				7E2E34231BD27BA500581D04 /* Assets.xcassets */,
				7E2E34251BD27BA500581D04 /* LaunchScreen.storyboard */,
				7E2E34281BD27BA500581D04 /* Info.plist */,
				7E2E34201BD27BA400581D04 /* LastDayCoreData.xcdatamodeld */,
			);
			path = LastDayCoreData;
			sourceTree = "<group>";
		};
		7E2E34301BD27BA500581D04 /* LastDayCoreDataTests */ = {
			isa = PBXGroup;
			children = (
				7E2E34311BD27BA500581D04 /* LastDayCoreDataTests.swift */,
				7E2E34331BD27BA500581D04 /* Info.plist */,
			);
			path = LastDayCoreDataTests;
			sourceTree = "<group>";
		};
		7E2E343B1BD27BA500581D04 /* LastDayCoreDataUITests */ = {
			isa = PBXGroup;
			children = (
				7E2E343C1BD27BA500581D04 /* LastDayCoreDataUITests.swift */,
				7E2E343E1BD27BA500581D04 /* Info.plist */,
			);
			path = LastDayCoreDataUITests;
			sourceTree = "<group>";
		};
/* End PBXGroup section */

/* Begin PBXNativeTarget section */
		7E2E34151BD27BA400581D04 /* LastDayCoreData */ = {
			isa = PBXNativeTarget;
			buildConfigurationList = 7E2E34411BD27BA500581D04 /* Build configuration list for PBXNativeTarget "LastDayCoreData" */;
			buildPhases = (
				7E2E34121BD27BA400581D04 /* Sources */,
				7E2E34131BD27BA400581D04 /* Frameworks */,
				7E2E34141BD27BA400581D04 /* Resources */,
			);
			buildRules = (
			);
			dependencies = (
			);
			name = LastDayCoreData;
			productName = LastDayCoreData;
			productReference = 7E2E34161BD27BA400581D04 /* LastDayCoreData.app */;
			productType = "com.apple.product-type.application";
		};
		7E2E342C1BD27BA500581D04 /* LastDayCoreDataTests */ = {
			isa = PBXNativeTarget;
			buildConfigurationList = 7E2E34441BD27BA500581D04 /* Build configuration list for PBXNativeTarget "LastDayCoreDataTests" */;
			buildPhases = (
				7E2E34291BD27BA500581D04 /* Sources */,
				7E2E342A1BD27BA500581D04 /* Frameworks */,
				7E2E342B1BD27BA500581D04 /* Resources */,
			);
			buildRules = (
			);
			dependencies = (
				7E2E342F1BD27BA500581D04 /* PBXTargetDependency */,
			);
			name = LastDayCoreDataTests;
			productName = LastDayCoreDataTests;
			productReference = 7E2E342D1BD27BA500581D04 /* LastDayCoreDataTests.xctest */;
			productType = "com.apple.product-type.bundle.unit-test";
		};
		7E2E34371BD27BA500581D04 /* LastDayCoreDataUITests */ = {
			isa = PBXNativeTarget;
			buildConfigurationList = 7E2E34471BD27BA500581D04 /* Build configuration list for PBXNativeTarget "LastDayCoreDataUITests" */;
			buildPhases = (
				7E2E34341BD27BA500581D04 /* Sources */,
				7E2E34351BD27BA500581D04 /* Frameworks */,
				7E2E34361BD27BA500581D04 /* Resources */,
			);
			buildRules = (
			);
			dependencies = (
				7E2E343A1BD27BA500581D04 /* PBXTargetDependency */,
			);
			name = LastDayCoreDataUITests;
			productName = LastDayCoreDataUITests;
			productReference = 7E2E34381BD27BA500581D04 /* LastDayCoreDataUITests.xctest */;
			productType = "com.apple.product-type.bundle.ui-testing";
		};
/* End PBXNativeTarget section */

/* Begin PBXProject section */
		7E2E340E1BD27BA400581D04 /* Project object */ = {
			isa = PBXProject;
			attributes = {
				LastUpgradeCheck = 0700;
				ORGANIZATIONNAME = MrLoong;
				TargetAttributes = {
					7E2E34151BD27BA400581D04 = {
						CreatedOnToolsVersion = 7.0;
						DevelopmentTeam = J58C75NAKP;
					};
					7E2E342C1BD27BA500581D04 = {
						CreatedOnToolsVersion = 7.0;
						DevelopmentTeam = J58C75NAKP;
						TestTargetID = 7E2E34151BD27BA400581D04;
					};
					7E2E34371BD27BA500581D04 = {
						CreatedOnToolsVersion = 7.0;
						DevelopmentTeam = J58C75NAKP;
						TestTargetID = 7E2E34151BD27BA400581D04;
					};
				};
			};
			buildConfigurationList = 7E2E34111BD27BA400581D04 /* Build configuration list for PBXProject "LastDayCoreData" */;
			compatibilityVersion = "Xcode 3.2";
			developmentRegion = English;
			hasScannedForEncodings = 0;
			knownRegions = (
				en,
				Base,
			);
			mainGroup = 7E2E340D1BD27BA400581D04;
			productRefGroup = 7E2E34171BD27BA400581D04 /* Products */;
			projectDirPath = "";
			projectRoot = "";
			targets = (
				7E2E34151BD27BA400581D04 /* LastDayCoreData */,
				7E2E342C1BD27BA500581D04 /* LastDayCoreDataTests */,
				7E2E34371BD27BA500581D04 /* LastDayCoreDataUITests */,
			);
		};
/* End PBXProject section */

/* Begin PBXResourcesBuildPhase section */
		7E2E34141BD27BA400581D04 /* Resources */ = {
			isa = PBXResourcesBuildPhase;
			buildActionMask = 2147483647;
			files = (
				7E2E34271BD27BA500581D04 /* LaunchScreen.storyboard in Resources */,
				7E2E34241BD27BA500581D04 /* Assets.xcassets in Resources */,
				7E2E341F1BD27BA400581D04 /* Main.storyboard in Resources */,
			);
			runOnlyForDeploymentPostprocessing = 0;
		};
		7E2E342B1BD27BA500581D04 /* Resources */ = {
			isa = PBXResourcesBuildPhase;
			buildActionMask = 2147483647;
			files = (
			);
			runOnlyForDeploymentPostprocessing = 0;
		};
		7E2E34361BD27BA500581D04 /* Resources */ = {
			isa = PBXResourcesBuildPhase;
			buildActionMask = 2147483647;
			files = (
			);
			runOnlyForDeploymentPostprocessing = 0;
		};
/* End PBXResourcesBuildPhase section */

/* Begin PBXSourcesBuildPhase section */
		7E2E34121BD27BA400581D04 /* Sources */ = {
			isa = PBXSourcesBuildPhase;
			buildActionMask = 2147483647;
			files = (
				7E2E341C1BD27BA400581D04 /* ViewController.swift in Sources */,
				7E2E34221BD27BA400581D04 /* LastDayCoreData.xcdatamodeld in Sources */,
				7E2E341A1BD27BA400581D04 /* AppDelegate.swift in Sources */,
			);
			runOnlyForDeploymentPostprocessing = 0;
		};
		7E2E34291BD27BA500581D04 /* Sources */ = {
			isa = PBXSourcesBuildPhase;
			buildActionMask = 2147483647;
			files = (
				7E2E34321BD27BA500581D04 /* LastDayCoreDataTests.swift in Sources */,
			);
			runOnlyForDeploymentPostprocessing = 0;
		};
		7E2E34341BD27BA500581D04 /* Sources */ = {
			isa = PBXSourcesBuildPhase;
			buildActionMask = 2147483647;
			files = (
				7E2E343D1BD27BA500581D04 /* LastDayCoreDataUITests.swift in Sources */,
			);
			runOnlyForDeploymentPostprocessing = 0;
		};
/* End PBXSourcesBuildPhase section */

/* Begin PBXTargetDependency section */
		7E2E342F1BD27BA500581D04 /* PBXTargetDependency */ = {
			isa = PBXTargetDependency;
			target = 7E2E34151BD27BA400581D04 /* LastDayCoreData */;
			targetProxy = 7E2E342E1BD27BA500581D04 /* PBXContainerItemProxy */;
		};
		7E2E343A1BD27BA500581D04 /* PBXTargetDependency */ = {
			isa = PBXTargetDependency;
			target = 7E2E34151BD27BA400581D04 /* LastDayCoreData */;
			targetProxy = 7E2E34391BD27BA500581D04 /* PBXContainerItemProxy */;
		};
/* End PBXTargetDependency section */

/* Begin PBXVariantGroup section */
		7E2E341D1BD27BA400581D04 /* Main.storyboard */ = {
			isa = PBXVariantGroup;
			children = (
				7E2E341E1BD27BA400581D04 /* Base */,
			);
			name = Main.storyboard;
			sourceTree = "<group>";
		};
		7E2E34251BD27BA500581D04 /* LaunchScreen.storyboard */ = {
			isa = PBXVariantGroup;
			children = (
				7E2E34261BD27BA500581D04 /* Base */,
			);
			name = LaunchScreen.storyboard;
			sourceTree = "<group>";
		};
/* End PBXVariantGroup section */

/* Begin XCBuildConfiguration section */
		7E2E343F1BD27BA500581D04 /* Debug */ = {
			isa = XCBuildConfiguration;
			buildSettings = {
				ALWAYS_SEARCH_USER_PATHS = NO;
				CLANG_CXX_LANGUAGE_STANDARD = "gnu++0x";
				CLANG_CXX_LIBRARY = "libc++";
				CLANG_ENABLE_MODULES = YES;
				CLANG_ENABLE_OBJC_ARC = YES;
				CLANG_WARN_BOOL_CONVERSION = YES;
				CLANG_WARN_CONSTANT_CONVERSION = YES;
				CLANG_WARN_DIRECT_OBJC_ISA_USAGE = YES_ERROR;
				CLANG_WARN_EMPTY_BODY = YES;
				CLANG_WARN_ENUM_CONVERSION = YES;
				CLANG_WARN_INT_CONVERSION = YES;
				CLANG_WARN_OBJC_ROOT_CLASS = YES_ERROR;
				CLANG_WARN_UNREACHABLE_CODE = YES;
				CLANG_WARN__DUPLICATE_METHOD_MATCH = YES;
				"CODE_SIGN_IDENTITY[sdk=iphoneos*]" = "iPhone Developer";
				COPY_PHASE_STRIP = NO;
				DEBUG_INFORMATION_FORMAT = dwarf;
				ENABLE_STRICT_OBJC_MSGSEND = YES;
				ENABLE_TESTABILITY = YES;
				GCC_C_LANGUAGE_STANDARD = gnu99;
				GCC_DYNAMIC_NO_PIC = NO;
				GCC_NO_COMMON_BLOCKS = YES;
				GCC_OPTIMIZATION_LEVEL = 0;
				GCC_PREPROCESSOR_DEFINITIONS = (
					"DEBUG=1",
					"$(inherited)",
				);
				GCC_WARN_64_TO_32_BIT_CONVERSION = YES;
				GCC_WARN_ABOUT_RETURN_TYPE = YES_ERROR;
				GCC_WARN_UNDECLARED_SELECTOR = YES;
				GCC_WARN_UNINITIALIZED_AUTOS = YES_AGGRESSIVE;
				GCC_WARN_UNUSED_FUNCTION = YES;
				GCC_WARN_UNUSED_VARIABLE = YES;
				IPHONEOS_DEPLOYMENT_TARGET = 9.0;
				MTL_ENABLE_DEBUG_INFO = YES;
				ONLY_ACTIVE_ARCH = YES;
				SDKROOT = iphoneos;
				SWIFT_OPTIMIZATION_LEVEL = "-Onone";
			};
			name = Debug;
		};
		7E2E34401BD27BA500581D04 /* Release */ = {
			isa = XCBuildConfiguration;
			buildSettings = {
				ALWAYS_SEARCH_USER_PATHS = NO;
				CLANG_CXX_LANGUAGE_STANDARD = "gnu++0x";
				CLANG_CXX_LIBRARY = "libc++";
				CLANG_ENABLE_MODULES = YES;
				CLANG_ENABLE_OBJC_ARC = YES;
				CLANG_WARN_BOOL_CONVERSION = YES;
				CLANG_WARN_CONSTANT_CONVERSION = YES;
				CLANG_WARN_DIRECT_OBJC_ISA_USAGE = YES_ERROR;
				CLANG_WARN_EMPTY_BODY = YES;
				CLANG_WARN_ENUM_CONVERSION = YES;
				CLANG_WARN_INT_CONVERSION = YES;
				CLANG_WARN_OBJC_ROOT_CLASS = YES_ERROR;
				CLANG_WARN_UNREACHABLE_CODE = YES;
				CLANG_WARN__DUPLICATE_METHOD_MATCH = YES;
				"CODE_SIGN_IDENTITY[sdk=iphoneos*]" = "iPhone Developer";
				COPY_PHASE_STRIP = NO;
				DEBUG_INFORMATION_FORMAT = "dwarf-with-dsym";
				ENABLE_NS_ASSERTIONS = NO;
				ENABLE_STRICT_OBJC_MSGSEND = YES;
				GCC_C_LANGUAGE_STANDARD = gnu99;
				GCC_NO_COMMON_BLOCKS = YES;
				GCC_WARN_64_TO_32_BIT_CONVERSION = YES;
				GCC_WARN_ABOUT_RETURN_TYPE = YES_ERROR;
				GCC_WARN_UNDECLARED_SELECTOR = YES;
				GCC_WARN_UNINITIALIZED_AUTOS = YES_AGGRESSIVE;
				GCC_WARN_UNUSED_FUNCTION = YES;
				GCC_WARN_UNUSED_VARIABLE = YES;
				IPHONEOS_DEPLOYMENT_TARGET = 9.0;
				MTL_ENABLE_DEBUG_INFO = NO;
				SDKROOT = iphoneos;
				VALIDATE_PRODUCT = YES;
			};
			name = Release;
		};
		7E2E34421BD27BA500581D04 /* Debug */ = {
			isa = XCBuildConfiguration;
			buildSettings = {
				ASSETCATALOG_COMPILER_APPICON_NAME = AppIcon;
				INFOPLIST_FILE = LastDayCoreData/Info.plist;
				LD_RUNPATH_SEARCH_PATHS = "$(inherited) @executable_path/Frameworks";
				PRODUCT_BUNDLE_IDENTIFIER = hellowoeld.LastDayCoreData;
				PRODUCT_NAME = "$(TARGET_NAME)";
			};
			name = Debug;
		};
		7E2E34431BD27BA500581D04 /* Release */ = {
			isa = XCBuildConfiguration;
			buildSettings = {
				ASSETCATALOG_COMPILER_APPICON_NAME = AppIcon;
				INFOPLIST_FILE = LastDayCoreData/Info.plist;
				LD_RUNPATH_SEARCH_PATHS = "$(inherited) @executable_path/Frameworks";
				PRODUCT_BUNDLE_IDENTIFIER = hellowoeld.LastDayCoreData;
				PRODUCT_NAME = "$(TARGET_NAME)";
			};
			name = Release;
		};
		7E2E34451BD27BA500581D04 /* Debug */ = {
			isa = XCBuildConfiguration;
			buildSettings = {
				BUNDLE_LOADER = "$(TEST_HOST)";
				INFOPLIST_FILE = LastDayCoreDataTests/Info.plist;
				LD_RUNPATH_SEARCH_PATHS = "$(inherited) @executable_path/Frameworks @loader_path/Frameworks";
				PRODUCT_BUNDLE_IDENTIFIER = hellowoeld.LastDayCoreDataTests;
				PRODUCT_NAME = "$(TARGET_NAME)";
				TEST_HOST = "$(BUILT_PRODUCTS_DIR)/LastDayCoreData.app/LastDayCoreData";
			};
			name = Debug;
		};
		7E2E34461BD27BA500581D04 /* Release */ = {
			isa = XCBuildConfiguration;
			buildSettings = {
				BUNDLE_LOADER = "$(TEST_HOST)";
				INFOPLIST_FILE = LastDayCoreDataTests/Info.plist;
				LD_RUNPATH_SEARCH_PATHS = "$(inherited) @executable_path/Frameworks @loader_path/Frameworks";
				PRODUCT_BUNDLE_IDENTIFIER = hellowoeld.LastDayCoreDataTests;
				PRODUCT_NAME = "$(TARGET_NAME)";
				TEST_HOST = "$(BUILT_PRODUCTS_DIR)/LastDayCoreData.app/LastDayCoreData";
			};
			name = Release;
		};
		7E2E34481BD27BA500581D04 /* Debug */ = {
			isa = XCBuildConfiguration;
			buildSettings = {
				INFOPLIST_FILE = LastDayCoreDataUITests/Info.plist;
				LD_RUNPATH_SEARCH_PATHS = "$(inherited) @executable_path/Frameworks @loader_path/Frameworks";
				PRODUCT_BUNDLE_IDENTIFIER = hellowoeld.LastDayCoreDataUITests;
				PRODUCT_NAME = "$(TARGET_NAME)";
				TEST_TARGET_NAME = LastDayCoreData;
				USES_XCTRUNNER = YES;
			};
			name = Debug;
		};
		7E2E34491BD27BA500581D04 /* Release */ = {
			isa = XCBuildConfiguration;
			buildSettings = {
				INFOPLIST_FILE = LastDayCoreDataUITests/Info.plist;
				LD_RUNPATH_SEARCH_PATHS = "$(inherited) @executable_path/Frameworks @loader_path/Frameworks";
				PRODUCT_BUNDLE_IDENTIFIER = hellowoeld.LastDayCoreDataUITests;
				PRODUCT_NAME = "$(TARGET_NAME)";
				TEST_TARGET_NAME = LastDayCoreData;
				USES_XCTRUNNER = YES;
			};
			name = Release;
		};
/* End XCBuildConfiguration section */

/* Begin XCConfigurationList section */
		7E2E34111BD27BA400581D04 /* Build configuration list for PBXProject "LastDayCoreData" */ = {
			isa = XCConfigurationList;
			buildConfigurations = (
				7E2E343F1BD27BA500581D04 /* Debug */,
				7E2E34401BD27BA500581D04 /* Release */,
			);
			defaultConfigurationIsVisible = 0;
			defaultConfigurationName = Release;
		};
		7E2E34411BD27BA500581D04 /* Build configuration list for PBXNativeTarget "LastDayCoreData" */ = {
			isa = XCConfigurationList;
			buildConfigurations = (
				7E2E34421BD27BA500581D04 /* Debug */,
				7E2E34431BD27BA500581D04 /* Release */,
			);
			defaultConfigurationIsVisible = 0;
		};
		7E2E34441BD27BA500581D04 /* Build configuration list for PBXNativeTarget "LastDayCoreDataTests" */ = {
			isa = XCConfigurationList;
			buildConfigurations = (
				7E2E34451BD27BA500581D04 /* Debug */,
				7E2E34461BD27BA500581D04 /* Release */,
			);
			defaultConfigurationIsVisible = 0;
		};
		7E2E34471BD27BA500581D04 /* Build configuration list for PBXNativeTarget "LastDayCoreDataUITests" */ = {
			isa = XCConfigurationList;
			buildConfigurations = (
				7E2E34481BD27BA500581D04 /* Debug */,
				7E2E34491BD27BA500581D04 /* Release */,
			);
			defaultConfigurationIsVisible = 0;
		};
/* End XCConfigurationList section */

/* Begin XCVersionGroup section */
		7E2E34201BD27BA400581D04 /* LastDayCoreData.xcdatamodeld */ = {
			isa = XCVersionGroup;
			children = (
				7E2E34211BD27BA400581D04 /* LastDayCoreData.xcdatamodel */,
			);
			currentVersion = 7E2E34211BD27BA400581D04 /* LastDayCoreData.xcdatamodel */;
			path = LastDayCoreData.xcdatamodeld;
			sourceTree = "<group>";
			versionGroupType = wrapper.xcdatamodel;
		};
/* End XCVersionGroup section */
	};
	rootObject = 7E2E340E1BD27BA400581D04 /* Project object */;
}
